
Microsoft Visual Studio Solution File, Format Version 12.00
# Visual Studio Version 17
VisualStudioVersion = 17.5.002.0
MinimumVisualStudioVersion = 10.0.40219.1
Project("{9A19103F-16F7-4668-BE54-9A1E7A4F7556}") = "RenderWrppaer", "RenderWrppaer.csproj", "{5ECA137E-647D-4EB5-925A-C22248BD416A}"
EndProject
Global
	GlobalSection(SolutionConfigurationPlatforms) = preSolution
		Debug|Any CPU = Debug|Any CPU
		Release|Any CPU = Release|Any CPU
	EndGlobalSection
	GlobalSection(ProjectConfigurationPlatforms) = postSolution
		{5ECA137E-647D-4EB5-925A-C22248BD416A}.Debug|Any CPU.ActiveCfg = Debug|Any CPU
		{5ECA137E-647D-4EB5-925A-C22248BD416A}.Debug|Any CPU.Build.0 = Debug|Any CPU
		{5ECA137E-647D-4EB5-925A-C22248BD416A}.Release|Any CPU.ActiveCfg = Release|Any CPU
		{5ECA137E-647D-4EB5-925A-C22248BD416A}.Release|Any CPU.Build.0 = Release|Any CPU
	EndGlobalSection
	GlobalSection(SolutionProperties) = preSolution
		HideSolutionNode = FALSE
	EndGlobalSection
	GlobalSection(ExtensibilityGlobals) = postSolution
		SolutionGuid = {CB204F86-D695-4AF8-BD24-6369313B2EB5}
	EndGlobalSection
EndGlobal
